{
  "version": 2,
  "dependencies": {
    ".NETStandard,Version=v2.1": {
      "MSTest.TestFramework": {
        "type": "Direct",
        "requested": "[4.1.0, )",
        "resolved": "4.1.0",
        "contentHash": "BzpvsK+CRbk6khwY62h+7HfYzIxtJXyPv9tOI9T90cy5CVy+WI1JkN4ZaNL4Dobqb6dywSwabLTIbPZKpdrr+A==",
        "dependencies": {
          "MSTest.Analyzers": "4.1.0",
          "System.Threading.Tasks.Extensions": "4.5.4"
        }
      },
      "MSTest.Analyzers": {
        "type": "Transitive",
        "resolved": "4.1.0",
        "contentHash": "4ElL/aqomiUInr090VN4udqz46AuszXLrifHkLrgj0zb7na8eAoyUQt3BwDLTcGd1bSkmk3SfD02rZtKU+ZiqQ=="
      },
      "tinybdd": {
        "type": "Project",
        "dependencies": {
          "Microsoft.Extensions.DependencyInjection": "[10.0.2, )",
          "Microsoft.Extensions.DependencyInjection.Abstractions": "[10.0.2, )",
          "System.Threading.Tasks.Extensions": "[4.6.3, )"
        }
      },
      "Microsoft.Extensions.DependencyInjection": {
        "type": "CentralTransitive",
        "requested": "[10.0.2, )",
        "resolved": "10.0.2",
        "contentHash": "J/Zmp6fY93JbaiZ11ckWvcyxMPjD6XVwIHQXBjryTBgn7O6O20HYg9uVLFcZlNfgH78MnreE/7EH+hjfzn7VyA==",
        "dependencies": {
          "Microsoft.Extensions.DependencyInjection.Abstractions": "10.0.2"
        }
      },
      "Microsoft.Extensions.DependencyInjection.Abstractions": {
        "type": "CentralTransitive",
        "requested": "[10.0.2, )",
        "resolved": "10.0.2",
        "contentHash": "zOIurr59+kUf9vNcsUkCvKWZv+fPosUZXURZesYkJCvl0EzTc9F7maAO4Cd2WEV7ZJJ0AZrFQvuH6Npph9wdBw=="
      },
      "System.Threading.Tasks.Extensions": {
        "type": "CentralTransitive",
        "requested": "[4.6.3, )",
        "resolved": "4.6.3",
        "contentHash": "7sCiwilJLYbTZELaKnc7RecBBXWXA+xMLQWZKWawBxYjp6DBlSE3v9/UcvKBvr1vv2tTOhipiogM8rRmxlhrVA=="
      }
    }
  }
}