
Microsoft Visual Studio Solution File, Format Version 12.00
# Visual Studio Version 17
VisualStudioVersion = 17.0.31903.59
MinimumVisualStudioVersion = 10.0.40219.1
Project("{2150E333-8FDC-42A3-9474-1A3956D46DE8}") = "src", "src", "{827E0CD3-B72D-47B6-A68D-7590B98EB39B}"
EndProject
Project("{FAE04EC0-301F-11D3-BF4B-00C04F79EFBC}") = "TinyBDD", "src\TinyBDD\TinyBDD.csproj", "{E3F02ED3-3FEB-4B4A-A7CD-97A90895E0EA}"
EndProject
Project("{FAE04EC0-301F-11D3-BF4B-00C04F79EFBC}") = "TinyBDD.Xunit", "src\TinyBDD.Xunit\TinyBDD.Xunit.csproj", "{0D849393-DC34-4A1D-8B76-F44179884AB7}"
EndProject
Project("{2150E333-8FDC-42A3-9474-1A3956D46DE8}") = "Solution Items", "Solution Items", "{C553936E-0DA2-4535-9597-512E2A3B6314}"
	ProjectSection(SolutionItems) = preProject
		Directory.Build.props = Directory.Build.props
		Directory.Packages.props = Directory.Packages.props
		.gitignore = .gitignore
		.github\workflows\ci.yml = .github\workflows\ci.yml
	EndProjectSection
EndProject
Project("{FAE04EC0-301F-11D3-BF4B-00C04F79EFBC}") = "TinyBDD.NUnit", "src\TinyBDD.NUnit\TinyBDD.NUnit.csproj", "{4478C462-37B9-4D37-90A3-D78DDAA0113A}"
EndProject
Project("{FAE04EC0-301F-11D3-BF4B-00C04F79EFBC}") = "TinyBDD.MsTest", "src\TinyBDD.MSTest\TinyBDD.MSTest.csproj", "{19B401C7-2EC4-44A9-BA6C-8FB41F3A4F0E}"
EndProject
Project("{FAE04EC0-301F-11D3-BF4B-00C04F79EFBC}") = "TinyBDD.Xunit.Tests", "tests\TinyBDD.Xunit.Tests\TinyBDD.Xunit.Tests.csproj", "{3012A6BB-C2A2-4F3F-A40F-D5DC2652CB0D}"
EndProject
Project("{2150E333-8FDC-42A3-9474-1A3956D46DE8}") = "tests", "tests", "{3925CEDE-958F-4576-9C2C-A53538FC0FBE}"
EndProject
Project("{FAE04EC0-301F-11D3-BF4B-00C04F79EFBC}") = "TinyBDD.Tests.Common", "tests\TinyBDD.Tests.Common\TinyBDD.Tests.Common.csproj", "{9F14572D-A023-4642-AF5B-743B4B16B7A3}"
EndProject
Project("{FAE04EC0-301F-11D3-BF4B-00C04F79EFBC}") = "TinyBDD.MSTest.Tests", "tests\TinyBDD.MSTest.Tests\TinyBDD.MSTest.Tests.csproj", "{3970E54F-5DC4-462E-A335-B8AB4670036A}"
EndProject
Project("{FAE04EC0-301F-11D3-BF4B-00C04F79EFBC}") = "TinyBDD.NUnit.Tests", "tests\TinyBDD.NUnit.Tests\TinyBDD.NUnit.Tests.csproj", "{F51E3E9C-80D2-44DB-A72F-6A34F4B79341}"
EndProject
Project("{FAE04EC0-301F-11D3-BF4B-00C04F79EFBC}") = "TinyBDD.Xunit.v3", "src\TinyBDD.Xunit.v3\TinyBDD.Xunit.v3.csproj", "{2DAF905E-6384-44F9-BA5A-2AF754B26890}"
EndProject
Project("{FAE04EC0-301F-11D3-BF4B-00C04F79EFBC}") = "TinyBDD.Xunit.v3.Tests", "tests\TinyBDD.Xunit.v3.Tests\TinyBDD.Xunit.v3.Tests.csproj", "{641526CB-901B-4259-8F6D-FEFD3F4AA7AF}"
EndProject
Project("{FAE04EC0-301F-11D3-BF4B-00C04F79EFBC}") = "PatternKit.Core", "src\PatternKit.Core\PatternKit.Core.csproj", "{A1B2C3D4-E5F6-7890-ABCD-EF1234567890}"
EndProject
Global
	GlobalSection(SolutionConfigurationPlatforms) = preSolution
		Debug|Any CPU = Debug|Any CPU
		Debug|x64 = Debug|x64
		Debug|x86 = Debug|x86
		Release|Any CPU = Release|Any CPU
		Release|x64 = Release|x64
		Release|x86 = Release|x86
	EndGlobalSection
	GlobalSection(ProjectConfigurationPlatforms) = postSolution
		{E3F02ED3-3FEB-4B4A-A7CD-97A90895E0EA}.Debug|Any CPU.ActiveCfg = Debug|Any CPU
		{E3F02ED3-3FEB-4B4A-A7CD-97A90895E0EA}.Debug|Any CPU.Build.0 = Debug|Any CPU
		{E3F02ED3-3FEB-4B4A-A7CD-97A90895E0EA}.Debug|x64.ActiveCfg = Debug|Any CPU
		{E3F02ED3-3FEB-4B4A-A7CD-97A90895E0EA}.Debug|x64.Build.0 = Debug|Any CPU
		{E3F02ED3-3FEB-4B4A-A7CD-97A90895E0EA}.Debug|x86.ActiveCfg = Debug|Any CPU
		{E3F02ED3-3FEB-4B4A-A7CD-97A90895E0EA}.Debug|x86.Build.0 = Debug|Any CPU
		{E3F02ED3-3FEB-4B4A-A7CD-97A90895E0EA}.Release|Any CPU.ActiveCfg = Release|Any CPU
		{E3F02ED3-3FEB-4B4A-A7CD-97A90895E0EA}.Release|Any CPU.Build.0 = Release|Any CPU
		{E3F02ED3-3FEB-4B4A-A7CD-97A90895E0EA}.Release|x64.ActiveCfg = Release|Any CPU
		{E3F02ED3-3FEB-4B4A-A7CD-97A90895E0EA}.Release|x64.Build.0 = Release|Any CPU
		{E3F02ED3-3FEB-4B4A-A7CD-97A90895E0EA}.Release|x86.ActiveCfg = Release|Any CPU
		{E3F02ED3-3FEB-4B4A-A7CD-97A90895E0EA}.Release|x86.Build.0 = Release|Any CPU
		{0D849393-DC34-4A1D-8B76-F44179884AB7}.Debug|Any CPU.ActiveCfg = Debug|Any CPU
		{0D849393-DC34-4A1D-8B76-F44179884AB7}.Debug|Any CPU.Build.0 = Debug|Any CPU
		{0D849393-DC34-4A1D-8B76-F44179884AB7}.Debug|x64.ActiveCfg = Debug|Any CPU
		{0D849393-DC34-4A1D-8B76-F44179884AB7}.Debug|x64.Build.0 = Debug|Any CPU
		{0D849393-DC34-4A1D-8B76-F44179884AB7}.Debug|x86.ActiveCfg = Debug|Any CPU
		{0D849393-DC34-4A1D-8B76-F44179884AB7}.Debug|x86.Build.0 = Debug|Any CPU
		{0D849393-DC34-4A1D-8B76-F44179884AB7}.Release|Any CPU.ActiveCfg = Release|Any CPU
		{0D849393-DC34-4A1D-8B76-F44179884AB7}.Release|Any CPU.Build.0 = Release|Any CPU
		{0D849393-DC34-4A1D-8B76-F44179884AB7}.Release|x64.ActiveCfg = Release|Any CPU
		{0D849393-DC34-4A1D-8B76-F44179884AB7}.Release|x64.Build.0 = Release|Any CPU
		{0D849393-DC34-4A1D-8B76-F44179884AB7}.Release|x86.ActiveCfg = Release|Any CPU
		{0D849393-DC34-4A1D-8B76-F44179884AB7}.Release|x86.Build.0 = Release|Any CPU
		{4478C462-37B9-4D37-90A3-D78DDAA0113A}.Debug|Any CPU.ActiveCfg = Debug|Any CPU
		{4478C462-37B9-4D37-90A3-D78DDAA0113A}.Debug|Any CPU.Build.0 = Debug|Any CPU
		{4478C462-37B9-4D37-90A3-D78DDAA0113A}.Debug|x64.ActiveCfg = Debug|Any CPU
		{4478C462-37B9-4D37-90A3-D78DDAA0113A}.Debug|x64.Build.0 = Debug|Any CPU
		{4478C462-37B9-4D37-90A3-D78DDAA0113A}.Debug|x86.ActiveCfg = Debug|Any CPU
		{4478C462-37B9-4D37-90A3-D78DDAA0113A}.Debug|x86.Build.0 = Debug|Any CPU
		{4478C462-37B9-4D37-90A3-D78DDAA0113A}.Release|Any CPU.ActiveCfg = Release|Any CPU
		{4478C462-37B9-4D37-90A3-D78DDAA0113A}.Release|Any CPU.Build.0 = Release|Any CPU
		{4478C462-37B9-4D37-90A3-D78DDAA0113A}.Release|x64.ActiveCfg = Release|Any CPU
		{4478C462-37B9-4D37-90A3-D78DDAA0113A}.Release|x64.Build.0 = Release|Any CPU
		{4478C462-37B9-4D37-90A3-D78DDAA0113A}.Release|x86.ActiveCfg = Release|Any CPU
		{4478C462-37B9-4D37-90A3-D78DDAA0113A}.Release|x86.Build.0 = Release|Any CPU
		{19B401C7-2EC4-44A9-BA6C-8FB41F3A4F0E}.Debug|Any CPU.ActiveCfg = Debug|Any CPU
		{19B401C7-2EC4-44A9-BA6C-8FB41F3A4F0E}.Debug|Any CPU.Build.0 = Debug|Any CPU
		{19B401C7-2EC4-44A9-BA6C-8FB41F3A4F0E}.Debug|x64.ActiveCfg = Debug|Any CPU
		{19B401C7-2EC4-44A9-BA6C-8FB41F3A4F0E}.Debug|x64.Build.0 = Debug|Any CPU
		{19B401C7-2EC4-44A9-BA6C-8FB41F3A4F0E}.Debug|x86.ActiveCfg = Debug|Any CPU
		{19B401C7-2EC4-44A9-BA6C-8FB41F3A4F0E}.Debug|x86.Build.0 = Debug|Any CPU
		{19B401C7-2EC4-44A9-BA6C-8FB41F3A4F0E}.Release|Any CPU.ActiveCfg = Release|Any CPU
		{19B401C7-2EC4-44A9-BA6C-8FB41F3A4F0E}.Release|Any CPU.Build.0 = Release|Any CPU
		{19B401C7-2EC4-44A9-BA6C-8FB41F3A4F0E}.Release|x64.ActiveCfg = Release|Any CPU
		{19B401C7-2EC4-44A9-BA6C-8FB41F3A4F0E}.Release|x64.Build.0 = Release|Any CPU
		{19B401C7-2EC4-44A9-BA6C-8FB41F3A4F0E}.Release|x86.ActiveCfg = Release|Any CPU
		{19B401C7-2EC4-44A9-BA6C-8FB41F3A4F0E}.Release|x86.Build.0 = Release|Any CPU
		{3012A6BB-C2A2-4F3F-A40F-D5DC2652CB0D}.Debug|Any CPU.ActiveCfg = Debug|Any CPU
		{3012A6BB-C2A2-4F3F-A40F-D5DC2652CB0D}.Debug|Any CPU.Build.0 = Debug|Any CPU
		{3012A6BB-C2A2-4F3F-A40F-D5DC2652CB0D}.Debug|x64.ActiveCfg = Debug|Any CPU
		{3012A6BB-C2A2-4F3F-A40F-D5DC2652CB0D}.Debug|x64.Build.0 = Debug|Any CPU
		{3012A6BB-C2A2-4F3F-A40F-D5DC2652CB0D}.Debug|x86.ActiveCfg = Debug|Any CPU
		{3012A6BB-C2A2-4F3F-A40F-D5DC2652CB0D}.Debug|x86.Build.0 = Debug|Any CPU
		{3012A6BB-C2A2-4F3F-A40F-D5DC2652CB0D}.Release|Any CPU.ActiveCfg = Release|Any CPU
		{3012A6BB-C2A2-4F3F-A40F-D5DC2652CB0D}.Release|Any CPU.Build.0 = Release|Any CPU
		{3012A6BB-C2A2-4F3F-A40F-D5DC2652CB0D}.Release|x64.ActiveCfg = Release|Any CPU
		{3012A6BB-C2A2-4F3F-A40F-D5DC2652CB0D}.Release|x64.Build.0 = Release|Any CPU
		{3012A6BB-C2A2-4F3F-A40F-D5DC2652CB0D}.Release|x86.ActiveCfg = Release|Any CPU
		{3012A6BB-C2A2-4F3F-A40F-D5DC2652CB0D}.Release|x86.Build.0 = Release|Any CPU
		{9F14572D-A023-4642-AF5B-743B4B16B7A3}.Debug|Any CPU.ActiveCfg = Debug|Any CPU
		{9F14572D-A023-4642-AF5B-743B4B16B7A3}.Debug|Any CPU.Build.0 = Debug|Any CPU
		{9F14572D-A023-4642-AF5B-743B4B16B7A3}.Debug|x64.ActiveCfg = Debug|Any CPU
		{9F14572D-A023-4642-AF5B-743B4B16B7A3}.Debug|x64.Build.0 = Debug|Any CPU
		{9F14572D-A023-4642-AF5B-743B4B16B7A3}.Debug|x86.ActiveCfg = Debug|Any CPU
		{9F14572D-A023-4642-AF5B-743B4B16B7A3}.Debug|x86.Build.0 = Debug|Any CPU
		{9F14572D-A023-4642-AF5B-743B4B16B7A3}.Release|Any CPU.ActiveCfg = Release|Any CPU
		{9F14572D-A023-4642-AF5B-743B4B16B7A3}.Release|Any CPU.Build.0 = Release|Any CPU
		{9F14572D-A023-4642-AF5B-743B4B16B7A3}.Release|x64.ActiveCfg = Release|Any CPU
		{9F14572D-A023-4642-AF5B-743B4B16B7A3}.Release|x64.Build.0 = Release|Any CPU
		{9F14572D-A023-4642-AF5B-743B4B16B7A3}.Release|x86.ActiveCfg = Release|Any CPU
		{9F14572D-A023-4642-AF5B-743B4B16B7A3}.Release|x86.Build.0 = Release|Any CPU
		{3970E54F-5DC4-462E-A335-B8AB4670036A}.Debug|Any CPU.ActiveCfg = Debug|Any CPU
		{3970E54F-5DC4-462E-A335-B8AB4670036A}.Debug|Any CPU.Build.0 = Debug|Any CPU
		{3970E54F-5DC4-462E-A335-B8AB4670036A}.Debug|x64.ActiveCfg = Debug|Any CPU
		{3970E54F-5DC4-462E-A335-B8AB4670036A}.Debug|x64.Build.0 = Debug|Any CPU
		{3970E54F-5DC4-462E-A335-B8AB4670036A}.Debug|x86.ActiveCfg = Debug|Any CPU
		{3970E54F-5DC4-462E-A335-B8AB4670036A}.Debug|x86.Build.0 = Debug|Any CPU
		{3970E54F-5DC4-462E-A335-B8AB4670036A}.Release|Any CPU.ActiveCfg = Release|Any CPU
		{3970E54F-5DC4-462E-A335-B8AB4670036A}.Release|Any CPU.Build.0 = Release|Any CPU
		{3970E54F-5DC4-462E-A335-B8AB4670036A}.Release|x64.ActiveCfg = Release|Any CPU
		{3970E54F-5DC4-462E-A335-B8AB4670036A}.Release|x64.Build.0 = Release|Any CPU
		{3970E54F-5DC4-462E-A335-B8AB4670036A}.Release|x86.ActiveCfg = Release|Any CPU
		{3970E54F-5DC4-462E-A335-B8AB4670036A}.Release|x86.Build.0 = Release|Any CPU
		{F51E3E9C-80D2-44DB-A72F-6A34F4B79341}.Debug|Any CPU.ActiveCfg = Debug|Any CPU
		{F51E3E9C-80D2-44DB-A72F-6A34F4B79341}.Debug|Any CPU.Build.0 = Debug|Any CPU
		{F51E3E9C-80D2-44DB-A72F-6A34F4B79341}.Debug|x64.ActiveCfg = Debug|Any CPU
		{F51E3E9C-80D2-44DB-A72F-6A34F4B79341}.Debug|x64.Build.0 = Debug|Any CPU
		{F51E3E9C-80D2-44DB-A72F-6A34F4B79341}.Debug|x86.ActiveCfg = Debug|Any CPU
		{F51E3E9C-80D2-44DB-A72F-6A34F4B79341}.Debug|x86.Build.0 = Debug|Any CPU
		{F51E3E9C-80D2-44DB-A72F-6A34F4B79341}.Release|Any CPU.ActiveCfg = Release|Any CPU
		{F51E3E9C-80D2-44DB-A72F-6A34F4B79341}.Release|Any CPU.Build.0 = Release|Any CPU
		{F51E3E9C-80D2-44DB-A72F-6A34F4B79341}.Release|x64.ActiveCfg = Release|Any CPU
		{F51E3E9C-80D2-44DB-A72F-6A34F4B79341}.Release|x64.Build.0 = Release|Any CPU
		{F51E3E9C-80D2-44DB-A72F-6A34F4B79341}.Release|x86.ActiveCfg = Release|Any CPU
		{F51E3E9C-80D2-44DB-A72F-6A34F4B79341}.Release|x86.Build.0 = Release|Any CPU
		{2DAF905E-6384-44F9-BA5A-2AF754B26890}.Debug|Any CPU.ActiveCfg = Debug|Any CPU
		{2DAF905E-6384-44F9-BA5A-2AF754B26890}.Debug|Any CPU.Build.0 = Debug|Any CPU
		{2DAF905E-6384-44F9-BA5A-2AF754B26890}.Debug|x64.ActiveCfg = Debug|Any CPU
		{2DAF905E-6384-44F9-BA5A-2AF754B26890}.Debug|x64.Build.0 = Debug|Any CPU
		{2DAF905E-6384-44F9-BA5A-2AF754B26890}.Debug|x86.ActiveCfg = Debug|Any CPU
		{2DAF905E-6384-44F9-BA5A-2AF754B26890}.Debug|x86.Build.0 = Debug|Any CPU
		{2DAF905E-6384-44F9-BA5A-2AF754B26890}.Release|Any CPU.ActiveCfg = Release|Any CPU
		{2DAF905E-6384-44F9-BA5A-2AF754B26890}.Release|Any CPU.Build.0 = Release|Any CPU
		{2DAF905E-6384-44F9-BA5A-2AF754B26890}.Release|x64.ActiveCfg = Release|Any CPU
		{2DAF905E-6384-44F9-BA5A-2AF754B26890}.Release|x64.Build.0 = Release|Any CPU
		{2DAF905E-6384-44F9-BA5A-2AF754B26890}.Release|x86.ActiveCfg = Release|Any CPU
		{2DAF905E-6384-44F9-BA5A-2AF754B26890}.Release|x86.Build.0 = Release|Any CPU
		{641526CB-901B-4259-8F6D-FEFD3F4AA7AF}.Debug|Any CPU.ActiveCfg = Debug|Any CPU
		{641526CB-901B-4259-8F6D-FEFD3F4AA7AF}.Debug|Any CPU.Build.0 = Debug|Any CPU
		{641526CB-901B-4259-8F6D-FEFD3F4AA7AF}.Debug|x64.ActiveCfg = Debug|Any CPU
		{641526CB-901B-4259-8F6D-FEFD3F4AA7AF}.Debug|x64.Build.0 = Debug|Any CPU
		{641526CB-901B-4259-8F6D-FEFD3F4AA7AF}.Debug|x86.ActiveCfg = Debug|Any CPU
		{641526CB-901B-4259-8F6D-FEFD3F4AA7AF}.Debug|x86.Build.0 = Debug|Any CPU
		{641526CB-901B-4259-8F6D-FEFD3F4AA7AF}.Release|Any CPU.ActiveCfg = Release|Any CPU
		{641526CB-901B-4259-8F6D-FEFD3F4AA7AF}.Release|Any CPU.Build.0 = Release|Any CPU
		{641526CB-901B-4259-8F6D-FEFD3F4AA7AF}.Release|x64.ActiveCfg = Release|Any CPU
		{641526CB-901B-4259-8F6D-FEFD3F4AA7AF}.Release|x64.Build.0 = Release|Any CPU
		{641526CB-901B-4259-8F6D-FEFD3F4AA7AF}.Release|x86.ActiveCfg = Release|Any CPU
		{641526CB-901B-4259-8F6D-FEFD3F4AA7AF}.Release|x86.Build.0 = Release|Any CPU
		{A1B2C3D4-E5F6-7890-ABCD-EF1234567890}.Debug|Any CPU.ActiveCfg = Debug|Any CPU
		{A1B2C3D4-E5F6-7890-ABCD-EF1234567890}.Debug|Any CPU.Build.0 = Debug|Any CPU
		{A1B2C3D4-E5F6-7890-ABCD-EF1234567890}.Debug|x64.ActiveCfg = Debug|Any CPU
		{A1B2C3D4-E5F6-7890-ABCD-EF1234567890}.Debug|x64.Build.0 = Debug|Any CPU
		{A1B2C3D4-E5F6-7890-ABCD-EF1234567890}.Debug|x86.ActiveCfg = Debug|Any CPU
		{A1B2C3D4-E5F6-7890-ABCD-EF1234567890}.Debug|x86.Build.0 = Debug|Any CPU
		{A1B2C3D4-E5F6-7890-ABCD-EF1234567890}.Release|Any CPU.ActiveCfg = Release|Any CPU
		{A1B2C3D4-E5F6-7890-ABCD-EF1234567890}.Release|Any CPU.Build.0 = Release|Any CPU
		{A1B2C3D4-E5F6-7890-ABCD-EF1234567890}.Release|x64.ActiveCfg = Release|Any CPU
		{A1B2C3D4-E5F6-7890-ABCD-EF1234567890}.Release|x64.Build.0 = Release|Any CPU
		{A1B2C3D4-E5F6-7890-ABCD-EF1234567890}.Release|x86.ActiveCfg = Release|Any CPU
		{A1B2C3D4-E5F6-7890-ABCD-EF1234567890}.Release|x86.Build.0 = Release|Any CPU
	EndGlobalSection
	GlobalSection(SolutionProperties) = preSolution
		HideSolutionNode = FALSE
	EndGlobalSection
	GlobalSection(NestedProjects) = preSolution
		{E3F02ED3-3FEB-4B4A-A7CD-97A90895E0EA} = {827E0CD3-B72D-47B6-A68D-7590B98EB39B}
		{0D849393-DC34-4A1D-8B76-F44179884AB7} = {827E0CD3-B72D-47B6-A68D-7590B98EB39B}
		{4478C462-37B9-4D37-90A3-D78DDAA0113A} = {827E0CD3-B72D-47B6-A68D-7590B98EB39B}
		{19B401C7-2EC4-44A9-BA6C-8FB41F3A4F0E} = {827E0CD3-B72D-47B6-A68D-7590B98EB39B}
		{3012A6BB-C2A2-4F3F-A40F-D5DC2652CB0D} = {3925CEDE-958F-4576-9C2C-A53538FC0FBE}
		{9F14572D-A023-4642-AF5B-743B4B16B7A3} = {3925CEDE-958F-4576-9C2C-A53538FC0FBE}
		{3970E54F-5DC4-462E-A335-B8AB4670036A} = {3925CEDE-958F-4576-9C2C-A53538FC0FBE}
		{F51E3E9C-80D2-44DB-A72F-6A34F4B79341} = {3925CEDE-958F-4576-9C2C-A53538FC0FBE}
		{2DAF905E-6384-44F9-BA5A-2AF754B26890} = {827E0CD3-B72D-47B6-A68D-7590B98EB39B}
		{641526CB-901B-4259-8F6D-FEFD3F4AA7AF} = {3925CEDE-958F-4576-9C2C-A53538FC0FBE}
		{A1B2C3D4-E5F6-7890-ABCD-EF1234567890} = {827E0CD3-B72D-47B6-A68D-7590B98EB39B}
	EndGlobalSection
EndGlobal
